
Microsoft Visual Studio Solution File, Format Version 12.00
# Visual Studio Version 16
VisualStudioVersion = 16.0.28803.352
MinimumVisualStudioVersion = 10.0.40219.1
Project("{9A19103F-16F7-4668-BE54-9A1E7A4F7556}") = "TagHelperDemo", "TagHelperDemo\TagHelperDemo.csproj", "{4D52D5B5-BEE2-4CCE-B89E-D34015411366}"
EndProject
Project("{FAE04EC0-301F-11D3-BF4B-00C04F79EFBC}") = "TagHelperDemo.Test", "TagHelperDemo.Test\TagHelperDemo.Test.csproj", "{01EC2057-CC84-4025-BFB1-6E049BD67A1D}"
EndProject
Global
	GlobalSection(SolutionConfigurationPlatforms) = preSolution
		Debug|Any CPU = Debug|Any CPU
		Release|Any CPU = Release|Any CPU
	EndGlobalSection
	GlobalSection(ProjectConfigurationPlatforms) = postSolution
		{4D52D5B5-BEE2-4CCE-B89E-D34015411366}.Debug|Any CPU.ActiveCfg = Debug|Any CPU
		{4D52D5B5-BEE2-4CCE-B89E-D34015411366}.Debug|Any CPU.Build.0 = Debug|Any CPU
		{4D52D5B5-BEE2-4CCE-B89E-D34015411366}.Release|Any CPU.ActiveCfg = Release|Any CPU
		{4D52D5B5-BEE2-4CCE-B89E-D34015411366}.Release|Any CPU.Build.0 = Release|Any CPU
		{01EC2057-CC84-4025-BFB1-6E049BD67A1D}.Debug|Any CPU.ActiveCfg = Debug|Any CPU
		{01EC2057-CC84-4025-BFB1-6E049BD67A1D}.Debug|Any CPU.Build.0 = Debug|Any CPU
		{01EC2057-CC84-4025-BFB1-6E049BD67A1D}.Release|Any CPU.ActiveCfg = Release|Any CPU
		{01EC2057-CC84-4025-BFB1-6E049BD67A1D}.Release|Any CPU.Build.0 = Release|Any CPU
	EndGlobalSection
	GlobalSection(SolutionProperties) = preSolution
		HideSolutionNode = FALSE
	EndGlobalSection
	GlobalSection(ExtensibilityGlobals) = postSolution
		SolutionGuid = {24D899AA-F706-4507-A912-91BBF2B33831}
	EndGlobalSection
EndGlobal
